
Microsoft Visual Studio Solution File, Format Version 11.00
# Visual Studio 2010
Project("{FAE04EC0-301F-11D3-BF4B-00C04F79EFBC}") = "Artefacts", "Artefacts\Artefacts.csproj", "{FC41660D-8F54-437D-9AA7-87E460D73689}"
EndProject
Project("{FAE04EC0-301F-11D3-BF4B-00C04F79EFBC}") = "ArtefactService", "ArtefactService\ArtefactService.csproj", "{3FD32DA5-7D90-48AB-AF70-C72FF209BF78}"
EndProject
Project("{FAE04EC0-301F-11D3-BF4B-00C04F79EFBC}") = "ArtefactServiceHost", "ArtefactServiceHost\ArtefactServiceHost.csproj", "{2A68C8C7-F066-41EA-A476-F1F27EF77E52}"
EndProject
Project("{FAE04EC0-301F-11D3-BF4B-00C04F79EFBC}") = "ArtefactClientTest", "ArtefactClientTest\ArtefactClientTest.csproj", "{DF2BDA77-4F99-4327-85CC-2C7F1A5C4645}"
EndProject
Project("{FAE04EC0-301F-11D3-BF4B-00C04F79EFBC}") = "ArtefactFileSystem", "ArtefactFileSystem\ArtefactFileSystem.csproj", "{5B486604-0B8B-4214-99DB-C36A69168F5B}"
EndProject
Project("{2150E333-8FDC-42A3-9474-1A3956D46DE8}") = "Design", "Design", "{AD5F9385-1EB6-4EE2-BD8C-B375EB7A0C0A}"
	ProjectSection(SolutionItems) = preProject
		Design\Solution Overview.txt = Design\Solution Overview.txt
		Design\XML_Comments.cs = Design\XML_Comments.cs
		Design\Removed_Code_Recycle_Bin.txt = Design\Removed_Code_Recycle_Bin.txt
		Design\IArtefactService.cs = Design\IArtefactService.cs
		Design\Queryable-nongeneric.cs = Design\Queryable-nongeneric.cs
		Design\QueryResult.cs = Design\QueryResult.cs
		Design\Screenshot from 2014-05-17 21:43:02.png = Design\Screenshot from 2014-05-17 21:43:02.png
		Design\ServerQueryProvider.cs = Design\ServerQueryProvider.cs
	EndProjectSection
EndProject
Project("{2150E333-8FDC-42A3-9474-1A3956D46DE8}") = "Removed Code Files", "Removed Code Files", "{ABC7B4C9-272A-43E9-A015-9FFD54F140D0}"
	ProjectSection(SolutionItems) = preProject
		Design\IArtefactService.cs = Design\IArtefactService.cs
		Design\ClientQueryProvider.cs = Design\ClientQueryProvider.cs
		Design\ServerQueryProvider.cs = Design\ServerQueryProvider.cs
	EndProjectSection
EndProject
Project("{2150E333-8FDC-42A3-9474-1A3956D46DE8}") = "Backed Up and Old Version Code Files", "Backed Up and Old Version Code Files", "{AA098B01-8AA1-42BF-885E-CDF7040D97FE}"
	ProjectSection(SolutionItems) = preProject
		Design\QueryResult.cs = Design\QueryResult.cs
		Design\Queryable-nongeneric.cs = Design\Queryable-nongeneric.cs
	EndProjectSection
EndProject
Project("{FAE04EC0-301F-11D3-BF4B-00C04F79EFBC}") = "Serialize.Linq", "..\..\..\Resources\CS\Serialize.Linq\src\Serialize.Linq\Serialize.Linq.csproj", "{94C52AD1-5D4A-4C9E-A1A3-68D3A36E6BF7}"
EndProject
Global
	GlobalSection(SolutionConfigurationPlatforms) = preSolution
		Release Optimize Size|Any CPU = Release Optimize Size|Any CPU
		Debug|Any CPU = Debug|Any CPU
	EndGlobalSection
	GlobalSection(ProjectConfigurationPlatforms) = postSolution
		{2A68C8C7-F066-41EA-A476-F1F27EF77E52}.Debug|Any CPU.ActiveCfg = Debug|Any CPU
		{2A68C8C7-F066-41EA-A476-F1F27EF77E52}.Debug|Any CPU.Build.0 = Debug|Any CPU
		{2A68C8C7-F066-41EA-A476-F1F27EF77E52}.Release Optimize Size|Any CPU.ActiveCfg = Debug|x86
		{2A68C8C7-F066-41EA-A476-F1F27EF77E52}.Release Optimize Size|Any CPU.Build.0 = Debug|x86
		{3FD32DA5-7D90-48AB-AF70-C72FF209BF78}.Debug|Any CPU.ActiveCfg = Debug|Any CPU
		{3FD32DA5-7D90-48AB-AF70-C72FF209BF78}.Debug|Any CPU.Build.0 = Debug|Any CPU
		{3FD32DA5-7D90-48AB-AF70-C72FF209BF78}.Release Optimize Size|Any CPU.ActiveCfg = Debug|x86
		{3FD32DA5-7D90-48AB-AF70-C72FF209BF78}.Release Optimize Size|Any CPU.Build.0 = Debug|x86
		{5B486604-0B8B-4214-99DB-C36A69168F5B}.Debug|Any CPU.ActiveCfg = Debug|Any CPU
		{5B486604-0B8B-4214-99DB-C36A69168F5B}.Debug|Any CPU.Build.0 = Debug|Any CPU
		{5B486604-0B8B-4214-99DB-C36A69168F5B}.Release Optimize Size|Any CPU.ActiveCfg = Debug|Any CPU
		{5B486604-0B8B-4214-99DB-C36A69168F5B}.Release Optimize Size|Any CPU.Build.0 = Debug|Any CPU
		{94C52AD1-5D4A-4C9E-A1A3-68D3A36E6BF7}.Debug|Any CPU.ActiveCfg = Debug|Any CPU
		{94C52AD1-5D4A-4C9E-A1A3-68D3A36E6BF7}.Release Optimize Size|Any CPU.ActiveCfg = Release Optimize Size|Any CPU
		{94C52AD1-5D4A-4C9E-A1A3-68D3A36E6BF7}.Release Optimize Size|Any CPU.Build.0 = Release Optimize Size|Any CPU
		{DF2BDA77-4F99-4327-85CC-2C7F1A5C4645}.Debug|Any CPU.ActiveCfg = Debug|Any CPU
		{DF2BDA77-4F99-4327-85CC-2C7F1A5C4645}.Debug|Any CPU.Build.0 = Debug|Any CPU
		{DF2BDA77-4F99-4327-85CC-2C7F1A5C4645}.Release Optimize Size|Any CPU.ActiveCfg = Debug|x86
		{DF2BDA77-4F99-4327-85CC-2C7F1A5C4645}.Release Optimize Size|Any CPU.Build.0 = Debug|x86
		{FC41660D-8F54-437D-9AA7-87E460D73689}.Debug|Any CPU.ActiveCfg = Debug|Any CPU
		{FC41660D-8F54-437D-9AA7-87E460D73689}.Debug|Any CPU.Build.0 = Debug|Any CPU
		{FC41660D-8F54-437D-9AA7-87E460D73689}.Release Optimize Size|Any CPU.ActiveCfg = Debug|x86
		{FC41660D-8F54-437D-9AA7-87E460D73689}.Release Optimize Size|Any CPU.Build.0 = Debug|x86
	EndGlobalSection
	GlobalSection(NestedProjects) = preSolution
		{ABC7B4C9-272A-43E9-A015-9FFD54F140D0} = {AD5F9385-1EB6-4EE2-BD8C-B375EB7A0C0A}
		{AA098B01-8AA1-42BF-885E-CDF7040D97FE} = {AD5F9385-1EB6-4EE2-BD8C-B375EB7A0C0A}
	EndGlobalSection
	GlobalSection(MonoDevelopProperties) = preSolution
		StartupItem = ArtefactClientTest\ArtefactClientTest.csproj
		Policies = $0
		$0.DotNetNamingPolicy = $1
		$1.DirectoryNamespaceAssociation = None
		$1.ResourceNamePolicy = FileFormatDefault
		$0.TextStylePolicy = $2
		$2.inheritsSet = null
		$2.scope = text/x-csharp
		$0.CSharpFormattingPolicy = $3
		$3.AnonymousMethodBraceStyle = NextLine
		$3.PropertyGetBraceStyle = NextLine
		$3.PropertySetBraceStyle = NextLine
		$3.EventAddBraceStyle = NextLine
		$3.EventRemoveBraceStyle = NextLine
		$3.StatementBraceStyle = NextLine
		$3.BeforeMethodDeclarationParentheses = False
		$3.BeforeMethodCallParentheses = False
		$3.BeforeConstructorDeclarationParentheses = False
		$3.BeforeIndexerDeclarationBracket = False
		$3.BeforeDelegateDeclarationParentheses = False
		$3.NewParentheses = False
		$3.SpacesBeforeBrackets = False
		$3.inheritsSet = Mono
		$3.inheritsScope = text/x-csharp
		$3.scope = text/x-csharp
		$0.TextStylePolicy = $4
		$4.FileWidth = 120
		$4.TabsToSpaces = False
		$4.inheritsSet = VisualStudio
		$4.inheritsScope = text/plain
		$4.scope = text/plain
		$0.StandardHeader = $5
		$5.Text = 
		$5.IncludeInNewFiles = True
		$0.NameConventionPolicy = $6
		$6.Rules = $7
		$7.NamingRule = $8
		$8.Name = Namespaces
		$8.AffectedEntity = Namespace
		$8.VisibilityMask = VisibilityMask
		$8.NamingStyle = PascalCase
		$8.IncludeInstanceMembers = True
		$8.IncludeStaticEntities = True
		$7.NamingRule = $9
		$9.Name = Types
		$9.AffectedEntity = Class, Struct, Enum, Delegate
		$9.VisibilityMask = VisibilityMask
		$9.NamingStyle = PascalCase
		$9.IncludeInstanceMembers = True
		$9.IncludeStaticEntities = True
		$7.NamingRule = $10
		$10.Name = Interfaces
		$10.RequiredPrefixes = $11
		$11.String = I
		$10.AffectedEntity = Interface
		$10.VisibilityMask = VisibilityMask
		$10.NamingStyle = PascalCase
		$10.IncludeInstanceMembers = True
		$10.IncludeStaticEntities = True
		$7.NamingRule = $12
		$12.Name = Attributes
		$12.RequiredSuffixes = $13
		$13.String = Attribute
		$12.AffectedEntity = CustomAttributes
		$12.VisibilityMask = VisibilityMask
		$12.NamingStyle = PascalCase
		$12.IncludeInstanceMembers = True
		$12.IncludeStaticEntities = True
		$7.NamingRule = $14
		$14.Name = Event Arguments
		$14.RequiredSuffixes = $15
		$15.String = EventArgs
		$14.AffectedEntity = CustomEventArgs
		$14.VisibilityMask = VisibilityMask
		$14.NamingStyle = PascalCase
		$14.IncludeInstanceMembers = True
		$14.IncludeStaticEntities = True
		$7.NamingRule = $16
		$16.Name = Exceptions
		$16.RequiredSuffixes = $17
		$17.String = Exception
		$16.AffectedEntity = CustomExceptions
		$16.VisibilityMask = VisibilityMask
		$16.NamingStyle = PascalCase
		$16.IncludeInstanceMembers = True
		$16.IncludeStaticEntities = True
		$7.NamingRule = $18
		$18.Name = Methods
		$18.AffectedEntity = Methods
		$18.VisibilityMask = VisibilityMask
		$18.NamingStyle = PascalCase
		$18.IncludeInstanceMembers = True
		$18.IncludeStaticEntities = True
		$7.NamingRule = $19
		$19.Name = Static Readonly Fields
		$19.AffectedEntity = ReadonlyField
		$19.VisibilityMask = Internal, Protected, Public
		$19.NamingStyle = PascalCase
		$19.IncludeInstanceMembers = False
		$19.IncludeStaticEntities = True
		$7.NamingRule = $20
		$20.Name = Fields (Non Private)
		$20.AffectedEntity = Field
		$20.VisibilityMask = Internal, Protected, Public
		$20.NamingStyle = PascalCase
		$20.IncludeInstanceMembers = True
		$20.IncludeStaticEntities = True
		$7.NamingRule = $21
		$21.Name = ReadOnly Fields (Non Private)
		$21.AffectedEntity = ReadonlyField
		$21.VisibilityMask = Internal, Protected, Public
		$21.NamingStyle = PascalCase
		$21.IncludeInstanceMembers = True
		$21.IncludeStaticEntities = False
		$7.NamingRule = $22
		$22.Name = Fields (Private)
		$22.AllowedPrefixes = $23
		$23.String = _
		$23.String = m_
		$22.AffectedEntity = Field, ReadonlyField
		$22.VisibilityMask = Private
		$22.NamingStyle = CamelCase
		$22.IncludeInstanceMembers = True
		$22.IncludeStaticEntities = False
		$7.NamingRule = $24
		$24.Name = Static Fields (Private)
		$24.AffectedEntity = Field
		$24.VisibilityMask = Private
		$24.NamingStyle = CamelCase
		$24.IncludeInstanceMembers = False
		$24.IncludeStaticEntities = True
		$7.NamingRule = $25
		$25.Name = ReadOnly Fields (Private)
		$25.AllowedPrefixes = $26
		$26.String = _
		$26.String = m_
		$25.AffectedEntity = ReadonlyField
		$25.VisibilityMask = Private
		$25.NamingStyle = CamelCase
		$25.IncludeInstanceMembers = True
		$25.IncludeStaticEntities = False
		$7.NamingRule = $27
		$27.Name = Constant Fields
		$27.AffectedEntity = ConstantField
		$27.VisibilityMask = VisibilityMask
		$27.NamingStyle = PascalCase
		$27.IncludeInstanceMembers = True
		$27.IncludeStaticEntities = True
		$7.NamingRule = $28
		$28.Name = Properties
		$28.AffectedEntity = Property
		$28.VisibilityMask = VisibilityMask
		$28.NamingStyle = PascalCase
		$28.IncludeInstanceMembers = True
		$28.IncludeStaticEntities = True
		$7.NamingRule = $29
		$29.Name = Events
		$29.AffectedEntity = Event
		$29.VisibilityMask = VisibilityMask
		$29.NamingStyle = PascalCase
		$29.IncludeInstanceMembers = True
		$29.IncludeStaticEntities = True
		$7.NamingRule = $30
		$30.Name = Enum Members
		$30.AffectedEntity = EnumMember
		$30.VisibilityMask = VisibilityMask
		$30.NamingStyle = PascalCase
		$30.IncludeInstanceMembers = True
		$30.IncludeStaticEntities = True
		$7.NamingRule = $31
		$31.Name = Parameters
		$31.AffectedEntity = Parameter
		$31.VisibilityMask = VisibilityMask
		$31.NamingStyle = CamelCase
		$31.IncludeInstanceMembers = True
		$31.IncludeStaticEntities = True
		$7.NamingRule = $32
		$32.Name = Type Parameters
		$32.RequiredPrefixes = $33
		$33.String = T
		$32.AffectedEntity = TypeParameter
		$32.VisibilityMask = VisibilityMask
		$32.NamingStyle = PascalCase
		$32.IncludeInstanceMembers = True
		$32.IncludeStaticEntities = True
		$0.VersionControlPolicy = $34
		$34.inheritsSet = Mono
		$0.ChangeLogPolicy = $35
		$35.UpdateMode = None
		$35.MessageStyle = $36
		$36.LineAlign = 0
		$35.inheritsSet = Mono
		$0.TextStylePolicy = $37
		$37.inheritsSet = null
		$37.scope = application/xml
		$0.XmlFormattingPolicy = $38
		$38.inheritsSet = Mono
		$38.inheritsScope = application/xml
		$38.scope = application/xml
		outputpath = bin
	EndGlobalSection
EndGlobal
